<?xml version="1.0" encoding="UTF-8"?>
<Scheme
   LastUpgradeVersion = "1640"
   version = "1.7">
   <BuildAction
      parallelizeBuildables = "YES"
      buildImplicitDependencies = "YES"
      buildArchitectures = "Automatic">
      <BuildActionEntries>
         <BuildActionEntry
            buildForTesting = "YES"
            buildForRunning = "YES"
            buildForProfiling = "YES"
            buildForArchiving = "YES"
            buildForAnalyzing = "YES">
            <BuildableReference
               BuildableIdentifier = "primary"
               BlueprintIdentifier = "599E7E542F94D24000BBA489"
               BuildableName = "file-explosion.app"
               BlueprintName = "file-explosion"
               ReferencedContainer = "container:file-explosion.xcodeproj">
            </BuildableReference>
         </BuildActionEntry>
      </BuildActionEntries>
   </BuildAction>
   <TestAction
      buildConfiguration = "Debug"
      selectedDebuggerIdentifier = "Xcode.DebuggerFoundation.Debugger.LLDB"
      selectedLauncherIdentifier = "Xcode.DebuggerFoundation.Launcher.LLDB"
      shouldUseLaunchSchemeArgsEnv = "YES"
      shouldAutocreateTestPlan = "YES">
      <Testables>
         <TestableReference
            skipped = "NO"
            parallelizable = "YES">
            <BuildableReference
               BuildableIdentifier = "primary"
               BlueprintIdentifier = "599E7E632F94D24100BBA489"
               BuildableName = "file-explosionTests.xctest"
               BlueprintName = "file-explosionTests"
               ReferencedContainer = "container:file-explosion.xcodeproj">
            </BuildableReference>
         </TestableReference>
         <TestableReference
            skipped = "NO"
            parallelizable = "YES">
            <BuildableReference
               BuildableIdentifier = "primary"
               BlueprintIdentifier = "599E7E6D2F94D24100BBA489"
               BuildableName = "file-explosionUITests.xctest"
               BlueprintName = "file-explosionUITests"
               ReferencedContainer = "container:file-explosion.xcodeproj">
            </BuildableReference>
         </TestableReference>
      </Testables>
   </TestAction>
   <LaunchAction
      buildConfiguration = "Debug"
      selectedDebuggerIdentifier = "Xcode.DebuggerFoundation.Debugger.LLDB"
      selectedLauncherIdentifier = "Xcode.DebuggerFoundation.Launcher.LLDB"
      language = "ja"
      region = "JP"
      launchStyle = "0"
      useCustomWorkingDirectory = "NO"
      ignoresPersistentStateOnLaunch = "NO"
      debugDocumentVersioning = "YES"
      debugServiceExtension = "internal"
      allowLocationSimulation = "YES">
      <BuildableProductRunnable
         runnableDebuggingMode = "0">
         <BuildableReference
            BuildableIdentifier = "primary"
            BlueprintIdentifier = "599E7E542F94D24000BBA489"
            BuildableName = "file-explosion.app"
            BlueprintName = "file-explosion"
            ReferencedContainer = "container:file-explosion.xcodeproj">
         </BuildableReference>
      </BuildableProductRunnable>
      <EnvironmentVariables>
         <EnvironmentVariable
            key = "SIGNALING_SERVER_URL"
            value = "wss://xexk11ad2e.execute-api.ap-northeast-1.amazonaws.com/production/"
            isEnabled = "YES">
         </EnvironmentVariable>
         <EnvironmentVariable
            key = "TURN_SERVER_URL"
            value = "turn:163.44.112.9:3478"
            isEnabled = "YES">
         </EnvironmentVariable>
         <EnvironmentVariable
            key = "TURN_SERVER_USERNAME"
            value = "limitbox"
            isEnabled = "YES">
         </EnvironmentVariable>
         <EnvironmentVariable
            key = "TURN_SERVER_PASSWORD"
            value = "super_secret_password_123"
            isEnabled = "YES">
         </EnvironmentVariable>
      </EnvironmentVariables>
   </LaunchAction>
   <ProfileAction
      buildConfiguration = "Release"
      shouldUseLaunchSchemeArgsEnv = "YES"
      savedToolIdentifier = ""
      useCustomWorkingDirectory = "NO"
      debugDocumentVersioning = "YES">
      <BuildableProductRunnable
         runnableDebuggingMode = "0">
         <BuildableReference
            BuildableIdentifier = "primary"
            BlueprintIdentifier = "599E7E542F94D24000BBA489"
            BuildableName = "file-explosion.app"
            BlueprintName = "file-explosion"
            ReferencedContainer = "container:file-explosion.xcodeproj">
         </BuildableReference>
      </BuildableProductRunnable>
   </ProfileAction>
   <AnalyzeAction
      buildConfiguration = "Debug">
   </AnalyzeAction>
   <ArchiveAction
      buildConfiguration = "Release"
      revealArchiveInOrganizer = "YES">
   </ArchiveAction>
</Scheme>
